
Microsoft Visual Studio Solution File, Format Version 12.00
# Visual Studio 14
VisualStudioVersion = 14.0.25123.0
MinimumVisualStudioVersion = 10.0.40219.1
Project("{FAE04EC0-301F-11D3-BF4B-00C04F79EFBC}") = "WpfApp", "WpfApp\WpfApp.csproj", "{D7A70965-F4E4-43F9-8E52-6E62CF5E09AA}"
EndProject
Project("{FAE04EC0-301F-11D3-BF4B-00C04F79EFBC}") = "Entidades", "Entidades\Entidades.csproj", "{04D65D24-CEEE-405B-AE96-48E259B7B2CE}"
EndProject
Project("{FAE04EC0-301F-11D3-BF4B-00C04F79EFBC}") = "AccesoADatos", "AccesoADatos\AccesoADatos.csproj", "{6BBB69C9-C471-401B-BB62-D9CED00AF04D}"
EndProject
Project("{FAE04EC0-301F-11D3-BF4B-00C04F79EFBC}") = "Helpers", "Helpers\Helpers.csproj", "{166C25B4-2FBD-439A-B93F-63A5CC0E2700}"
EndProject
Global
	GlobalSection(SolutionConfigurationPlatforms) = preSolution
		Debug|Any CPU = Debug|Any CPU
		Release|Any CPU = Release|Any CPU
	EndGlobalSection
	GlobalSection(ProjectConfigurationPlatforms) = postSolution
		{D7A70965-F4E4-43F9-8E52-6E62CF5E09AA}.Debug|Any CPU.ActiveCfg = Debug|Any CPU
		{D7A70965-F4E4-43F9-8E52-6E62CF5E09AA}.Debug|Any CPU.Build.0 = Debug|Any CPU
		{D7A70965-F4E4-43F9-8E52-6E62CF5E09AA}.Release|Any CPU.ActiveCfg = Release|Any CPU
		{D7A70965-F4E4-43F9-8E52-6E62CF5E09AA}.Release|Any CPU.Build.0 = Release|Any CPU
		{04D65D24-CEEE-405B-AE96-48E259B7B2CE}.Debug|Any CPU.ActiveCfg = Debug|Any CPU
		{04D65D24-CEEE-405B-AE96-48E259B7B2CE}.Debug|Any CPU.Build.0 = Debug|Any CPU
		{04D65D24-CEEE-405B-AE96-48E259B7B2CE}.Release|Any CPU.ActiveCfg = Release|Any CPU
		{04D65D24-CEEE-405B-AE96-48E259B7B2CE}.Release|Any CPU.Build.0 = Release|Any CPU
		{6BBB69C9-C471-401B-BB62-D9CED00AF04D}.Debug|Any CPU.ActiveCfg = Debug|Any CPU
		{6BBB69C9-C471-401B-BB62-D9CED00AF04D}.Debug|Any CPU.Build.0 = Debug|Any CPU
		{6BBB69C9-C471-401B-BB62-D9CED00AF04D}.Release|Any CPU.ActiveCfg = Release|Any CPU
		{6BBB69C9-C471-401B-BB62-D9CED00AF04D}.Release|Any CPU.Build.0 = Release|Any CPU
		{166C25B4-2FBD-439A-B93F-63A5CC0E2700}.Debug|Any CPU.ActiveCfg = Debug|Any CPU
		{166C25B4-2FBD-439A-B93F-63A5CC0E2700}.Debug|Any CPU.Build.0 = Debug|Any CPU
		{166C25B4-2FBD-439A-B93F-63A5CC0E2700}.Release|Any CPU.ActiveCfg = Release|Any CPU
		{166C25B4-2FBD-439A-B93F-63A5CC0E2700}.Release|Any CPU.Build.0 = Release|Any CPU
	EndGlobalSection
	GlobalSection(SolutionProperties) = preSolution
		HideSolutionNode = FALSE
	EndGlobalSection
	GlobalSection(ExtensibilityGlobals) = postSolution
		SolutionGuid = {0D6BF5C5-1EC0-458A-B2F2-8F1C7DA9AF51}
	EndGlobalSection
EndGlobal
